// !$*UTF8*$!
{
	archiveVersion = 1;
	classes = {
	};
	objectVersion = 46;
	objects = {

/* Begin PBXBuildFile section */
		011A3C3A1E9EBB5D003C77FC /* NewUser.swift in Sources */ = {isa = PBXBuildFile; fileRef = 011A3C391E9EBB5D003C77FC /* NewUser.swift */; };
		01228AD21E8D6ED6008C558C /* PatientViewController.swift in Sources */ = {isa = PBXBuildFile; fileRef = 01228AD11E8D6ED6008C558C /* PatientViewController.swift */; };
		01228AD31E8D6ED6008C558C /* PatientViewController.swift in Sources */ = {isa = PBXBuildFile; fileRef = 01228AD11E8D6ED6008C558C /* PatientViewController.swift */; };
		01228AD41E8D6ED6008C558C /* PatientViewController.swift in Sources */ = {isa = PBXBuildFile; fileRef = 01228AD11E8D6ED6008C558C /* PatientViewController.swift */; };
		01228AD61E8D7264008C558C /* EmployeeViewController.swift in Sources */ = {isa = PBXBuildFile; fileRef = 01228AD51E8D7264008C558C /* EmployeeViewController.swift */; };
		01228AD71E8D7264008C558C /* EmployeeViewController.swift in Sources */ = {isa = PBXBuildFile; fileRef = 01228AD51E8D7264008C558C /* EmployeeViewController.swift */; };
		01228AD81E8D7264008C558C /* EmployeeViewController.swift in Sources */ = {isa = PBXBuildFile; fileRef = 01228AD51E8D7264008C558C /* EmployeeViewController.swift */; };
		012C10BC1E8C2F25001200E2 /* AppDelegate.swift in Sources */ = {isa = PBXBuildFile; fileRef = 012C10BB1E8C2F25001200E2 /* AppDelegate.swift */; };
		012C10BE1E8C2F25001200E2 /* ViewController.swift in Sources */ = {isa = PBXBuildFile; fileRef = 012C10BD1E8C2F25001200E2 /* ViewController.swift */; };
		012C10C11E8C2F25001200E2 /* Main.storyboard in Resources */ = {isa = PBXBuildFile; fileRef = 012C10BF1E8C2F25001200E2 /* Main.storyboard */; };
		012C10C31E8C2F25001200E2 /* Assets.xcassets in Resources */ = {isa = PBXBuildFile; fileRef = 012C10C21E8C2F25001200E2 /* Assets.xcassets */; };
		012C10C61E8C2F25001200E2 /* LaunchScreen.storyboard in Resources */ = {isa = PBXBuildFile; fileRef = 012C10C41E8C2F25001200E2 /* LaunchScreen.storyboard */; };
		012C10D11E8C2F25001200E2 /* HospitalSystemTests.swift in Sources */ = {isa = PBXBuildFile; fileRef = 012C10D01E8C2F25001200E2 /* HospitalSystemTests.swift */; };
		012C10DC1E8C2F25001200E2 /* HospitalSystemUITests.swift in Sources */ = {isa = PBXBuildFile; fileRef = 012C10DB1E8C2F25001200E2 /* HospitalSystemUITests.swift */; };
		013ECEDF1EAAD084005AB98C /* patientCell.swift in Sources */ = {isa = PBXBuildFile; fileRef = 013ECEDE1EAAD084005AB98C /* patientCell.swift */; };
		013ECEE11EAAD3A1005AB98C /* EmployeePortal.swift in Sources */ = {isa = PBXBuildFile; fileRef = 013ECEE01EAAD3A1005AB98C /* EmployeePortal.swift */; };
		013ECEE31EAAD793005AB98C /* appCell.swift in Sources */ = {isa = PBXBuildFile; fileRef = 013ECEE21EAAD793005AB98C /* appCell.swift */; };
		013ECEEB1EAAEC87005AB98C /* AllPatientTableViewController.swift in Sources */ = {isa = PBXBuildFile; fileRef = 013ECEEA1EAAEC87005AB98C /* AllPatientTableViewController.swift */; };
		013ECEED1EABF505005AB98C /* PatientPortal.swift in Sources */ = {isa = PBXBuildFile; fileRef = 013ECEEC1EABF505005AB98C /* PatientPortal.swift */; };
		013ECEEF1EAC097E005AB98C /* doctorCell.swift in Sources */ = {isa = PBXBuildFile; fileRef = 013ECEEE1EAC097E005AB98C /* doctorCell.swift */; };
		013ECEF11EAC0B1C005AB98C /* ContactDoctorTableViewController.swift in Sources */ = {isa = PBXBuildFile; fileRef = 013ECEF01EAC0B1B005AB98C /* ContactDoctorTableViewController.swift */; };
		01F838EA1E9A90750025FD64 /* ScanPi.swift in Sources */ = {isa = PBXBuildFile; fileRef = 01F838E91E9A90750025FD64 /* ScanPi.swift */; };
		01FCEB7A1EA9407700284CEF /* PatientLoginViewController.swift in Sources */ = {isa = PBXBuildFile; fileRef = 01FCEB791EA9407700284CEF /* PatientLoginViewController.swift */; };
		01FCEB7C1EAA5B3100284CEF /* MakeAppointment.swift in Sources */ = {isa = PBXBuildFile; fileRef = 01FCEB7B1EAA5B3100284CEF /* MakeAppointment.swift */; };
		B70520061EA92C0D0037A6F3 /* EmployeeLoginViewController.swift in Sources */ = {isa = PBXBuildFile; fileRef = B70520051EA92C0D0037A6F3 /* EmployeeLoginViewController.swift */; };
		B7B8A4941EAD4BD400AE5EDF /* SettingsViewController.swift in Sources */ = {isa = PBXBuildFile; fileRef = B7B8A4931EAD4BD400AE5EDF /* SettingsViewController.swift */; };
		B7DDFFA21EA7EDA6003F7815 /* Pictures in Resources */ = {isa = PBXBuildFile; fileRef = B7DDFFA11EA7EDA6003F7815 /* Pictures */; };
		B7DDFFA41EA7F1FD003F7815 /* HMTS_Logo.png in Resources */ = {isa = PBXBuildFile; fileRef = B7DDFFA31EA7F1FD003F7815 /* HMTS_Logo.png */; };
		E5B2CE265B0186473CB77856 /* libPods-HospitalSystem.a in Frameworks */ = {isa = PBXBuildFile; fileRef = AA28BD7CE7255FD025B53E5A /* libPods-HospitalSystem.a */; };
/* End PBXBuildFile section */

/* Begin PBXContainerItemProxy section */
		012C10CD1E8C2F25001200E2 /* PBXContainerItemProxy */ = {
			isa = PBXContainerItemProxy;
			containerPortal = 012C10B01E8C2F25001200E2 /* Project object */;
			proxyType = 1;
			remoteGlobalIDString = 012C10B71E8C2F25001200E2;
			remoteInfo = HospitalSystem;
		};
		012C10D81E8C2F25001200E2 /* PBXContainerItemProxy */ = {
			isa = PBXContainerItemProxy;
			containerPortal = 012C10B01E8C2F25001200E2 /* Project object */;
			proxyType = 1;
			remoteGlobalIDString = 012C10B71E8C2F25001200E2;
			remoteInfo = HospitalSystem;
		};
/* End PBXContainerItemProxy section */

/* Begin PBXFileReference section */
		011A3C391E9EBB5D003C77FC /* NewUser.swift */ = {isa = PBXFileReference; fileEncoding = 4; lastKnownFileType = sourcecode.swift; path = NewUser.swift; sourceTree = "<group>"; };
		01228AD11E8D6ED6008C558C /* PatientViewController.swift */ = {isa = PBXFileReference; fileEncoding = 4; lastKnownFileType = sourcecode.swift; path = PatientViewController.swift; sourceTree = "<group>"; };
		01228AD51E8D7264008C558C /* EmployeeViewController.swift */ = {isa = PBXFileReference; fileEncoding = 4; lastKnownFileType = sourcecode.swift; path = EmployeeViewController.swift; sourceTree = "<group>"; };
		012C10B81E8C2F25001200E2 /* HospitalSystem.app */ = {isa = PBXFileReference; explicitFileType = wrapper.application; includeInIndex = 0; path = HospitalSystem.app; sourceTree = BUILT_PRODUCTS_DIR; };
		012C10BB1E8C2F25001200E2 /* AppDelegate.swift */ = {isa = PBXFileReference; lastKnownFileType = sourcecode.swift; path = AppDelegate.swift; sourceTree = "<group>"; };
		012C10BD1E8C2F25001200E2 /* ViewController.swift */ = {isa = PBXFileReference; lastKnownFileType = sourcecode.swift; path = ViewController.swift; sourceTree = "<group>"; };
		012C10C01E8C2F25001200E2 /* Base */ = {isa = PBXFileReference; lastKnownFileType = file.storyboard; name = Base; path = Base.lproj/Main.storyboard; sourceTree = "<group>"; };
		012C10C21E8C2F25001200E2 /* Assets.xcassets */ = {isa = PBXFileReference; lastKnownFileType = folder.assetcatalog; path = Assets.xcassets; sourceTree = "<group>"; };
		012C10C51E8C2F25001200E2 /* Base */ = {isa = PBXFileReference; lastKnownFileType = file.storyboard; name = Base; path = Base.lproj/LaunchScreen.storyboard; sourceTree = "<group>"; };
		012C10C71E8C2F25001200E2 /* Info.plist */ = {isa = PBXFileReference; lastKnownFileType = text.plist.xml; path = Info.plist; sourceTree = "<group>"; };
		012C10CC1E8C2F25001200E2 /* HospitalSystemTests.xctest */ = {isa = PBXFileReference; explicitFileType = wrapper.cfbundle; includeInIndex = 0; path = HospitalSystemTests.xctest; sourceTree = BUILT_PRODUCTS_DIR; };
		012C10D01E8C2F25001200E2 /* HospitalSystemTests.swift */ = {isa = PBXFileReference; lastKnownFileType = sourcecode.swift; path = HospitalSystemTests.swift; sourceTree = "<group>"; };
		012C10D21E8C2F25001200E2 /* Info.plist */ = {isa = PBXFileReference; lastKnownFileType = text.plist.xml; path = Info.plist; sourceTree = "<group>"; };
		012C10D71E8C2F25001200E2 /* HospitalSystemUITests.xctest */ = {isa = PBXFileReference; explicitFileType = wrapper.cfbundle; includeInIndex = 0; path = HospitalSystemUITests.xctest; sourceTree = BUILT_PRODUCTS_DIR; };
		012C10DB1E8C2F25001200E2 /* HospitalSystemUITests.swift */ = {isa = PBXFileReference; lastKnownFileType = sourcecode.swift; path = HospitalSystemUITests.swift; sourceTree = "<group>"; };
		012C10DD1E8C2F25001200E2 /* Info.plist */ = {isa = PBXFileReference; lastKnownFileType = text.plist.xml; path = Info.plist; sourceTree = "<group>"; };
		013ECEDE1EAAD084005AB98C /* patientCell.swift */ = {isa = PBXFileReference; fileEncoding = 4; lastKnownFileType = sourcecode.swift; path = patientCell.swift; sourceTree = "<group>"; };
		013ECEE01EAAD3A1005AB98C /* EmployeePortal.swift */ = {isa = PBXFileReference; fileEncoding = 4; lastKnownFileType = sourcecode.swift; path = EmployeePortal.swift; sourceTree = "<group>"; };
		013ECEE21EAAD793005AB98C /* appCell.swift */ = {isa = PBXFileReference; fileEncoding = 4; lastKnownFileType = sourcecode.swift; path = appCell.swift; sourceTree = "<group>"; };
		013ECEEA1EAAEC87005AB98C /* AllPatientTableViewController.swift */ = {isa = PBXFileReference; fileEncoding = 4; lastKnownFileType = sourcecode.swift; path = AllPatientTableViewController.swift; sourceTree = "<group>"; };
		013ECEEC1EABF505005AB98C /* PatientPortal.swift */ = {isa = PBXFileReference; fileEncoding = 4; lastKnownFileType = sourcecode.swift; path = PatientPortal.swift; sourceTree = "<group>"; };
		013ECEEE1EAC097E005AB98C /* doctorCell.swift */ = {isa = PBXFileReference; fileEncoding = 4; lastKnownFileType = sourcecode.swift; path = doctorCell.swift; sourceTree = "<group>"; };
		013ECEF01EAC0B1B005AB98C /* ContactDoctorTableViewController.swift */ = {isa = PBXFileReference; fileEncoding = 4; lastKnownFileType = sourcecode.swift; path = ContactDoctorTableViewController.swift; sourceTree = "<group>"; };
		01F838E31E9A8FFB0025FD64 /* HospitalSystem-Bridging-Header.h */ = {isa = PBXFileReference; lastKnownFileType = sourcecode.c.h; path = "HospitalSystem-Bridging-Header.h"; sourceTree = "<group>"; };
		01F838E91E9A90750025FD64 /* ScanPi.swift */ = {isa = PBXFileReference; fileEncoding = 4; lastKnownFileType = sourcecode.swift; path = ScanPi.swift; sourceTree = "<group>"; };
		01FCEB791EA9407700284CEF /* PatientLoginViewController.swift */ = {isa = PBXFileReference; fileEncoding = 4; lastKnownFileType = sourcecode.swift; path = PatientLoginViewController.swift; sourceTree = "<group>"; };
		01FCEB7B1EAA5B3100284CEF /* MakeAppointment.swift */ = {isa = PBXFileReference; fileEncoding = 4; lastKnownFileType = sourcecode.swift; path = MakeAppointment.swift; sourceTree = "<group>"; };
		068D65190601CAA0A58B6B0B /* Pods-HospitalSystem.debug.xcconfig */ = {isa = PBXFileReference; includeInIndex = 1; lastKnownFileType = text.xcconfig; name = "Pods-HospitalSystem.debug.xcconfig"; path = "Pods/Target Support Files/Pods-HospitalSystem/Pods-HospitalSystem.debug.xcconfig"; sourceTree = "<group>"; };
		37D6A7601A089AE235B6CA6C /* Pods-HospitalSystem.release.xcconfig */ = {isa = PBXFileReference; includeInIndex = 1; lastKnownFileType = text.xcconfig; name = "Pods-HospitalSystem.release.xcconfig"; path = "Pods/Target Support Files/Pods-HospitalSystem/Pods-HospitalSystem.release.xcconfig"; sourceTree = "<group>"; };
		AA28BD7CE7255FD025B53E5A /* libPods-HospitalSystem.a */ = {isa = PBXFileReference; explicitFileType = archive.ar; includeInIndex = 0; path = "libPods-HospitalSystem.a"; sourceTree = BUILT_PRODUCTS_DIR; };
		B70520051EA92C0D0037A6F3 /* EmployeeLoginViewController.swift */ = {isa = PBXFileReference; fileEncoding = 4; lastKnownFileType = sourcecode.swift; path = EmployeeLoginViewController.swift; sourceTree = "<group>"; };
		B7B8A4931EAD4BD400AE5EDF /* SettingsViewController.swift */ = {isa = PBXFileReference; fileEncoding = 4; lastKnownFileType = sourcecode.swift; path = SettingsViewController.swift; sourceTree = "<group>"; };
		B7DDFFA11EA7EDA6003F7815 /* Pictures */ = {isa = PBXFileReference; lastKnownFileType = folder; path = Pictures; sourceTree = "<group>"; };
		B7DDFFA31EA7F1FD003F7815 /* HMTS_Logo.png */ = {isa = PBXFileReference; lastKnownFileType = image.png; name = HMTS_Logo.png; path = ../Pictures/HMTS_Logo.png; sourceTree = "<group>"; };
/* End PBXFileReference section */

/* Begin PBXFrameworksBuildPhase section */
		012C10B51E8C2F25001200E2 /* Frameworks */ = {
			isa = PBXFrameworksBuildPhase;
			buildActionMask = 2147483647;
			files = (
				E5B2CE265B0186473CB77856 /* libPods-HospitalSystem.a in Frameworks */,
			);
			runOnlyForDeploymentPostprocessing = 0;
		};
		012C10C91E8C2F25001200E2 /* Frameworks */ = {
			isa = PBXFrameworksBuildPhase;
			buildActionMask = 2147483647;
			files = (
			);
			runOnlyForDeploymentPostprocessing = 0;
		};
		012C10D41E8C2F25001200E2 /* Frameworks */ = {
			isa = PBXFrameworksBuildPhase;
			buildActionMask = 2147483647;
			files = (
			);
			runOnlyForDeploymentPostprocessing = 0;
		};
/* End PBXFrameworksBuildPhase section */

/* Begin PBXGroup section */
		012C10AF1E8C2F25001200E2 = {
			isa = PBXGroup;
			children = (
				B7DDFFA11EA7EDA6003F7815 /* Pictures */,
				012C10BA1E8C2F25001200E2 /* HospitalSystem */,
				012C10CF1E8C2F25001200E2 /* HospitalSystemTests */,
				012C10DA1E8C2F25001200E2 /* HospitalSystemUITests */,
				012C10B91E8C2F25001200E2 /* Products */,
				73C9EB657F0E418F80FE3F5A /* Pods */,
				457A60280C64D0E021B24781 /* Frameworks */,
			);
			sourceTree = "<group>";
		};
		012C10B91E8C2F25001200E2 /* Products */ = {
			isa = PBXGroup;
			children = (
				012C10B81E8C2F25001200E2 /* HospitalSystem.app */,
				012C10CC1E8C2F25001200E2 /* HospitalSystemTests.xctest */,
				012C10D71E8C2F25001200E2 /* HospitalSystemUITests.xctest */,
			);
			name = Products;
			sourceTree = "<group>";
		};
		012C10BA1E8C2F25001200E2 /* HospitalSystem */ = {
			isa = PBXGroup;
			children = (
				B7DDFFA31EA7F1FD003F7815 /* HMTS_Logo.png */,
				01F838E91E9A90750025FD64 /* ScanPi.swift */,
				012C10BB1E8C2F25001200E2 /* AppDelegate.swift */,
				01228AD51E8D7264008C558C /* EmployeeViewController.swift */,
				012C10BD1E8C2F25001200E2 /* ViewController.swift */,
				01228AD11E8D6ED6008C558C /* PatientViewController.swift */,
				012C10BF1E8C2F25001200E2 /* Main.storyboard */,
				012C10C21E8C2F25001200E2 /* Assets.xcassets */,
				012C10C41E8C2F25001200E2 /* LaunchScreen.storyboard */,
				01F838E31E9A8FFB0025FD64 /* HospitalSystem-Bridging-Header.h */,
				012C10C71E8C2F25001200E2 /* Info.plist */,
				011A3C391E9EBB5D003C77FC /* NewUser.swift */,
				B70520051EA92C0D0037A6F3 /* EmployeeLoginViewController.swift */,
				01FCEB791EA9407700284CEF /* PatientLoginViewController.swift */,
				01FCEB7B1EAA5B3100284CEF /* MakeAppointment.swift */,
				013ECEDE1EAAD084005AB98C /* patientCell.swift */,
				013ECEE01EAAD3A1005AB98C /* EmployeePortal.swift */,
				013ECEE21EAAD793005AB98C /* appCell.swift */,
				013ECEEA1EAAEC87005AB98C /* AllPatientTableViewController.swift */,
				013ECEEC1EABF505005AB98C /* PatientPortal.swift */,
				013ECEEE1EAC097E005AB98C /* doctorCell.swift */,
				013ECEF01EAC0B1B005AB98C /* ContactDoctorTableViewController.swift */,
				B7B8A4931EAD4BD400AE5EDF /* SettingsViewController.swift */,
			);
			path = HospitalSystem;
			sourceTree = "<group>";
		};
		012C10CF1E8C2F25001200E2 /* HospitalSystemTests */ = {
			isa = PBXGroup;
			children = (
				012C10D01E8C2F25001200E2 /* HospitalSystemTests.swift */,
				012C10D21E8C2F25001200E2 /* Info.plist */,
			);
			path = HospitalSystemTests;
			sourceTree = "<group>";
		};
		012C10DA1E8C2F25001200E2 /* HospitalSystemUITests */ = {
			isa = PBXGroup;
			children = (
				012C10DB1E8C2F25001200E2 /* HospitalSystemUITests.swift */,
				012C10DD1E8C2F25001200E2 /* Info.plist */,
			);
			path = HospitalSystemUITests;
			sourceTree = "<group>";
		};
		457A60280C64D0E021B24781 /* Frameworks */ = {
			isa = PBXGroup;
			children = (
				AA28BD7CE7255FD025B53E5A /* libPods-HospitalSystem.a */,
			);
			name = Frameworks;
			sourceTree = "<group>";
		};
		73C9EB657F0E418F80FE3F5A /* Pods */ = {
			isa = PBXGroup;
			children = (
				068D65190601CAA0A58B6B0B /* Pods-HospitalSystem.debug.xcconfig */,
				37D6A7601A089AE235B6CA6C /* Pods-HospitalSystem.release.xcconfig */,
			);
			name = Pods;
			sourceTree = "<group>";
		};
/* End PBXGroup section */

/* Begin PBXNativeTarget section */
		012C10B71E8C2F25001200E2 /* HospitalSystem */ = {
			isa = PBXNativeTarget;
			buildConfigurationList = 012C10E01E8C2F25001200E2 /* Build configuration list for PBXNativeTarget "HospitalSystem" */;
			buildPhases = (
				CDEE4B5D21A3D1D4BC7720F9 /* [CP] Check Pods Manifest.lock */,
				012C10B41E8C2F25001200E2 /* Sources */,
				012C10B51E8C2F25001200E2 /* Frameworks */,
				012C10B61E8C2F25001200E2 /* Resources */,
				E93BB342292158C818009AA4 /* [CP] Embed Pods Frameworks */,
				B93C4DC15D3728F6BD5C9FC2 /* [CP] Copy Pods Resources */,
			);
			buildRules = (
			);
			dependencies = (
			);
			name = HospitalSystem;
			productName = HospitalSystem;
			productReference = 012C10B81E8C2F25001200E2 /* HospitalSystem.app */;
			productType = "com.apple.product-type.application";
		};
		012C10CB1E8C2F25001200E2 /* HospitalSystemTests */ = {
			isa = PBXNativeTarget;
			buildConfigurationList = 012C10E31E8C2F25001200E2 /* Build configuration list for PBXNativeTarget "HospitalSystemTests" */;
			buildPhases = (
				012C10C81E8C2F25001200E2 /* Sources */,
				012C10C91E8C2F25001200E2 /* Frameworks */,
				012C10CA1E8C2F25001200E2 /* Resources */,
			);
			buildRules = (
			);
			dependencies = (
				012C10CE1E8C2F25001200E2 /* PBXTargetDependency */,
			);
			name = HospitalSystemTests;
			productName = HospitalSystemTests;
			productReference = 012C10CC1E8C2F25001200E2 /* HospitalSystemTests.xctest */;
			productType = "com.apple.product-type.bundle.unit-test";
		};
		012C10D61E8C2F25001200E2 /* HospitalSystemUITests */ = {
			isa = PBXNativeTarget;
			buildConfigurationList = 012C10E61E8C2F25001200E2 /* Build configuration list for PBXNativeTarget "HospitalSystemUITests" */;
			buildPhases = (
				012C10D31E8C2F25001200E2 /* Sources */,
				012C10D41E8C2F25001200E2 /* Frameworks */,
				012C10D51E8C2F25001200E2 /* Resources */,
			);
			buildRules = (
			);
			dependencies = (
				012C10D91E8C2F25001200E2 /* PBXTargetDependency */,
			);
			name = HospitalSystemUITests;
			productName = HospitalSystemUITests;
			productReference = 012C10D71E8C2F25001200E2 /* HospitalSystemUITests.xctest */;
			productType = "com.apple.product-type.bundle.ui-testing";
		};
/* End PBXNativeTarget section */

/* Begin PBXProject section */
		012C10B01E8C2F25001200E2 /* Project object */ = {
			isa = PBXProject;
			attributes = {
				LastSwiftUpdateCheck = 0830;
				LastUpgradeCheck = 0830;
				ORGANIZATIONNAME = "Andras Palfi";
				TargetAttributes = {
					012C10B71E8C2F25001200E2 = {
						CreatedOnToolsVersion = 8.3;
						DevelopmentTeam = 629A6E4ATS;
						LastSwiftMigration = 0830;
						ProvisioningStyle = Automatic;
					};
					012C10CB1E8C2F25001200E2 = {
						CreatedOnToolsVersion = 8.3;
						DevelopmentTeam = 629A6E4ATS;
						ProvisioningStyle = Automatic;
						TestTargetID = 012C10B71E8C2F25001200E2;
					};
					012C10D61E8C2F25001200E2 = {
						CreatedOnToolsVersion = 8.3;
						DevelopmentTeam = 629A6E4ATS;
						ProvisioningStyle = Automatic;
						TestTargetID = 012C10B71E8C2F25001200E2;
					};
				};
			};
			buildConfigurationList = 012C10B31E8C2F25001200E2 /* Build configuration list for PBXProject "HospitalSystem" */;
			compatibilityVersion = "Xcode 3.2";
			developmentRegion = English;
			hasScannedForEncodings = 0;
			knownRegions = (
				en,
				Base,
			);
			mainGroup = 012C10AF1E8C2F25001200E2;
			productRefGroup = 012C10B91E8C2F25001200E2 /* Products */;
			projectDirPath = "";
			projectRoot = "";
			targets = (
				012C10B71E8C2F25001200E2 /* HospitalSystem */,
				012C10CB1E8C2F25001200E2 /* HospitalSystemTests */,
				012C10D61E8C2F25001200E2 /* HospitalSystemUITests */,
			);
		};
/* End PBXProject section */

/* Begin PBXResourcesBuildPhase section */
		012C10B61E8C2F25001200E2 /* Resources */ = {
			isa = PBXResourcesBuildPhase;
			buildActionMask = 2147483647;
			files = (
				012C10C61E8C2F25001200E2 /* LaunchScreen.storyboard in Resources */,
				B7DDFFA41EA7F1FD003F7815 /* HMTS_Logo.png in Resources */,
				B7DDFFA21EA7EDA6003F7815 /* Pictures in Resources */,
				012C10C31E8C2F25001200E2 /* Assets.xcassets in Resources */,
				012C10C11E8C2F25001200E2 /* Main.storyboard in Resources */,
			);
			runOnlyForDeploymentPostprocessing = 0;
		};
		012C10CA1E8C2F25001200E2 /* Resources */ = {
			isa = PBXResourcesBuildPhase;
			buildActionMask = 2147483647;
			files = (
			);
			runOnlyForDeploymentPostprocessing = 0;
		};
		012C10D51E8C2F25001200E2 /* Resources */ = {
			isa = PBXResourcesBuildPhase;
			buildActionMask = 2147483647;
			files = (
			);
			runOnlyForDeploymentPostprocessing = 0;
		};
/* End PBXResourcesBuildPhase section */

/* Begin PBXShellScriptBuildPhase section */
		B93C4DC15D3728F6BD5C9FC2 /* [CP] Copy Pods Resources */ = {
			isa = PBXShellScriptBuildPhase;
			buildActionMask = 2147483647;
			files = (
			);
			inputPaths = (
			);
			name = "[CP] Copy Pods Resources";
			outputPaths = (
			);
			runOnlyForDeploymentPostprocessing = 0;
			shellPath = /bin/sh;
			shellScript = "\"${SRCROOT}/Pods/Target Support Files/Pods-HospitalSystem/Pods-HospitalSystem-resources.sh\"\n";
			showEnvVarsInLog = 0;
		};
		CDEE4B5D21A3D1D4BC7720F9 /* [CP] Check Pods Manifest.lock */ = {
			isa = PBXShellScriptBuildPhase;
			buildActionMask = 2147483647;
			files = (
			);
			inputPaths = (
			);
			name = "[CP] Check Pods Manifest.lock";
			outputPaths = (
			);
			runOnlyForDeploymentPostprocessing = 0;
			shellPath = /bin/sh;
			shellScript = "diff \"${PODS_ROOT}/../Podfile.lock\" \"${PODS_ROOT}/Manifest.lock\" > /dev/null\nif [ $? != 0 ] ; then\n    # print error to STDERR\n    echo \"error: The sandbox is not in sync with the Podfile.lock. Run 'pod install' or update your CocoaPods installation.\" >&2\n    exit 1\nfi\n";
			showEnvVarsInLog = 0;
		};
		E93BB342292158C818009AA4 /* [CP] Embed Pods Frameworks */ = {
			isa = PBXShellScriptBuildPhase;
			buildActionMask = 2147483647;
			files = (
			);
			inputPaths = (
			);
			name = "[CP] Embed Pods Frameworks";
			outputPaths = (
			);
			runOnlyForDeploymentPostprocessing = 0;
			shellPath = /bin/sh;
			shellScript = "\"${SRCROOT}/Pods/Target Support Files/Pods-HospitalSystem/Pods-HospitalSystem-frameworks.sh\"\n";
			showEnvVarsInLog = 0;
		};
/* End PBXShellScriptBuildPhase section */

/* Begin PBXSourcesBuildPhase section */
		012C10B41E8C2F25001200E2 /* Sources */ = {
			isa = PBXSourcesBuildPhase;
			buildActionMask = 2147483647;
			files = (
				01FCEB7A1EA9407700284CEF /* PatientLoginViewController.swift in Sources */,
				013ECEDF1EAAD084005AB98C /* patientCell.swift in Sources */,
				012C10BE1E8C2F25001200E2 /* ViewController.swift in Sources */,
				011A3C3A1E9EBB5D003C77FC /* NewUser.swift in Sources */,
				013ECEEF1EAC097E005AB98C /* doctorCell.swift in Sources */,
				012C10BC1E8C2F25001200E2 /* AppDelegate.swift in Sources */,
				013ECEE31EAAD793005AB98C /* appCell.swift in Sources */,
				01228AD61E8D7264008C558C /* EmployeeViewController.swift in Sources */,
				B70520061EA92C0D0037A6F3 /* EmployeeLoginViewController.swift in Sources */,
				01F838EA1E9A90750025FD64 /* ScanPi.swift in Sources */,
				01FCEB7C1EAA5B3100284CEF /* MakeAppointment.swift in Sources */,
				01228AD21E8D6ED6008C558C /* PatientViewController.swift in Sources */,
				B7B8A4941EAD4BD400AE5EDF /* SettingsViewController.swift in Sources */,
				013ECEE11EAAD3A1005AB98C /* EmployeePortal.swift in Sources */,
				013ECEEB1EAAEC87005AB98C /* AllPatientTableViewController.swift in Sources */,
				013ECEED1EABF505005AB98C /* PatientPortal.swift in Sources */,
				013ECEF11EAC0B1C005AB98C /* ContactDoctorTableViewController.swift in Sources */,
			);
			runOnlyForDeploymentPostprocessing = 0;
		};
		012C10C81E8C2F25001200E2 /* Sources */ = {
			isa = PBXSourcesBuildPhase;
			buildActionMask = 2147483647;
			files = (
				01228AD31E8D6ED6008C558C /* PatientViewController.swift in Sources */,
				01228AD71E8D7264008C558C /* EmployeeViewController.swift in Sources */,
				012C10D11E8C2F25001200E2 /* HospitalSystemTests.swift in Sources */,
			);
			runOnlyForDeploymentPostprocessing = 0;
		};
		012C10D31E8C2F25001200E2 /* Sources */ = {
			isa = PBXSourcesBuildPhase;
			buildActionMask = 2147483647;
			files = (
				01228AD41E8D6ED6008C558C /* PatientViewController.swift in Sources */,
				01228AD81E8D7264008C558C /* EmployeeViewController.swift in Sources */,
				012C10DC1E8C2F25001200E2 /* HospitalSystemUITests.swift in Sources */,
			);
			runOnlyForDeploymentPostprocessing = 0;
		};
/* End PBXSourcesBuildPhase section */

/* Begin PBXTargetDependency section */
		012C10CE1E8C2F25001200E2 /* PBXTargetDependency */ = {
			isa = PBXTargetDependency;
			target = 012C10B71E8C2F25001200E2 /* HospitalSystem */;
			targetProxy = 012C10CD1E8C2F25001200E2 /* PBXContainerItemProxy */;
		};
		012C10D91E8C2F25001200E2 /* PBXTargetDependency */ = {
			isa = PBXTargetDependency;
			target = 012C10B71E8C2F25001200E2 /* HospitalSystem */;
			targetProxy = 012C10D81E8C2F25001200E2 /* PBXContainerItemProxy */;
		};
/* End PBXTargetDependency section */

/* Begin PBXVariantGroup section */
		012C10BF1E8C2F25001200E2 /* Main.storyboard */ = {
			isa = PBXVariantGroup;
			children = (
				012C10C01E8C2F25001200E2 /* Base */,
			);
			name = Main.storyboard;
			sourceTree = "<group>";
		};
		012C10C41E8C2F25001200E2 /* LaunchScreen.storyboard */ = {
			isa = PBXVariantGroup;
			children = (
				012C10C51E8C2F25001200E2 /* Base */,
			);
			name = LaunchScreen.storyboard;
			sourceTree = "<group>";
		};
/* End PBXVariantGroup section */

/* Begin XCBuildConfiguration section */
		012C10DE1E8C2F25001200E2 /* Debug */ = {
			isa = XCBuildConfiguration;
			buildSettings = {
				ALWAYS_SEARCH_USER_PATHS = NO;
				CLANG_ANALYZER_NONNULL = YES;
				CLANG_ANALYZER_NUMBER_OBJECT_CONVERSION = YES_AGGRESSIVE;
				CLANG_CXX_LANGUAGE_STANDARD = "gnu++0x";
				CLANG_CXX_LIBRARY = "libc++";
				CLANG_ENABLE_MODULES = YES;
				CLANG_ENABLE_OBJC_ARC = YES;
				CLANG_WARN_BOOL_CONVERSION = YES;
				CLANG_WARN_CONSTANT_CONVERSION = YES;
				CLANG_WARN_DIRECT_OBJC_ISA_USAGE = YES_ERROR;
				CLANG_WARN_DOCUMENTATION_COMMENTS = YES;
				CLANG_WARN_EMPTY_BODY = YES;
				CLANG_WARN_ENUM_CONVERSION = YES;
				CLANG_WARN_INFINITE_RECURSION = YES;
				CLANG_WARN_INT_CONVERSION = YES;
				CLANG_WARN_OBJC_ROOT_CLASS = YES_ERROR;
				CLANG_WARN_SUSPICIOUS_MOVE = YES;
				CLANG_WARN_UNREACHABLE_CODE = YES;
				CLANG_WARN__DUPLICATE_METHOD_MATCH = YES;
				"CODE_SIGN_IDENTITY[sdk=iphoneos*]" = "iPhone Developer";
				COPY_PHASE_STRIP = NO;
				DEBUG_INFORMATION_FORMAT = dwarf;
				ENABLE_STRICT_OBJC_MSGSEND = YES;
				ENABLE_TESTABILITY = YES;
				GCC_C_LANGUAGE_STANDARD = gnu99;
				GCC_DYNAMIC_NO_PIC = NO;
				GCC_NO_COMMON_BLOCKS = YES;
				GCC_OPTIMIZATION_LEVEL = 0;
				GCC_PREPROCESSOR_DEFINITIONS = (
					"DEBUG=1",
					"$(inherited)",
				);
				GCC_WARN_64_TO_32_BIT_CONVERSION = YES;
				GCC_WARN_ABOUT_RETURN_TYPE = YES_ERROR;
				GCC_WARN_UNDECLARED_SELECTOR = YES;
				GCC_WARN_UNINITIALIZED_AUTOS = YES_AGGRESSIVE;
				GCC_WARN_UNUSED_FUNCTION = YES;
				GCC_WARN_UNUSED_VARIABLE = YES;
				IPHONEOS_DEPLOYMENT_TARGET = 10.3;
				MTL_ENABLE_DEBUG_INFO = YES;
				ONLY_ACTIVE_ARCH = YES;
				SDKROOT = iphoneos;
				SWIFT_ACTIVE_COMPILATION_CONDITIONS = DEBUG;
				SWIFT_OPTIMIZATION_LEVEL = "-Onone";
				TARGETED_DEVICE_FAMILY = "1,2";
			};
			name = Debug;
		};
		012C10DF1E8C2F25001200E2 /* Release */ = {
			isa = XCBuildConfiguration;
			buildSettings = {
				ALWAYS_SEARCH_USER_PATHS = NO;
				CLANG_ANALYZER_NONNULL = YES;
				CLANG_ANALYZER_NUMBER_OBJECT_CONVERSION = YES_AGGRESSIVE;
				CLANG_CXX_LANGUAGE_STANDARD = "gnu++0x";
				CLANG_CXX_LIBRARY = "libc++";
				CLANG_ENABLE_MODULES = YES;
				CLANG_ENABLE_OBJC_ARC = YES;
				CLANG_WARN_BOOL_CONVERSION = YES;
				CLANG_WARN_CONSTANT_CONVERSION = YES;
				CLANG_WARN_DIRECT_OBJC_ISA_USAGE = YES_ERROR;
				CLANG_WARN_DOCUMENTATION_COMMENTS = YES;
				CLANG_WARN_EMPTY_BODY = YES;
				CLANG_WARN_ENUM_CONVERSION = YES;
				CLANG_WARN_INFINITE_RECURSION = YES;
				CLANG_WARN_INT_CONVERSION = YES;
				CLANG_WARN_OBJC_ROOT_CLASS = YES_ERROR;
				CLANG_WARN_SUSPICIOUS_MOVE = YES;
				CLANG_WARN_UNREACHABLE_CODE = YES;
				CLANG_WARN__DUPLICATE_METHOD_MATCH = YES;
				"CODE_SIGN_IDENTITY[sdk=iphoneos*]" = "iPhone Developer";
				COPY_PHASE_STRIP = NO;
				DEBUG_INFORMATION_FORMAT = "dwarf-with-dsym";
				ENABLE_NS_ASSERTIONS = NO;
				ENABLE_STRICT_OBJC_MSGSEND = YES;
				GCC_C_LANGUAGE_STANDARD = gnu99;
				GCC_NO_COMMON_BLOCKS = YES;
				GCC_WARN_64_TO_32_BIT_CONVERSION = YES;
				GCC_WARN_ABOUT_RETURN_TYPE = YES_ERROR;
				GCC_WARN_UNDECLARED_SELECTOR = YES;
				GCC_WARN_UNINITIALIZED_AUTOS = YES_AGGRESSIVE;
				GCC_WARN_UNUSED_FUNCTION = YES;
				GCC_WARN_UNUSED_VARIABLE = YES;
				IPHONEOS_DEPLOYMENT_TARGET = 10.3;
				MTL_ENABLE_DEBUG_INFO = NO;
				SDKROOT = iphoneos;
				SWIFT_OPTIMIZATION_LEVEL = "-Owholemodule";
				TARGETED_DEVICE_FAMILY = "1,2";
				VALIDATE_PRODUCT = YES;
			};
			name = Release;
		};
		012C10E11E8C2F25001200E2 /* Debug */ = {
			isa = XCBuildConfiguration;
			baseConfigurationReference = 068D65190601CAA0A58B6B0B /* Pods-HospitalSystem.debug.xcconfig */;
			buildSettings = {
				ASSETCATALOG_COMPILER_APPICON_NAME = AppIcon;
				CLANG_ENABLE_MODULES = YES;
				DEVELOPMENT_TEAM = 629A6E4ATS;
				INFOPLIST_FILE = HospitalSystem/Info.plist;
				IPHONEOS_DEPLOYMENT_TARGET = 10.3;
				LD_RUNPATH_SEARCH_PATHS = "$(inherited) @executable_path/Frameworks";
				PRODUCT_BUNDLE_IDENTIFIER = com.sdp.HospitalSystem;
				PRODUCT_NAME = "$(TARGET_NAME)";
				SWIFT_OBJC_BRIDGING_HEADER = "HospitalSystem/HospitalSystem-Bridging-Header.h";
				SWIFT_OPTIMIZATION_LEVEL = "-Onone";
				SWIFT_VERSION = 3.0;
			};
			name = Debug;
		};
		012C10E21E8C2F25001200E2 /* Release */ = {
			isa = XCBuildConfiguration;
			baseConfigurationReference = 37D6A7601A089AE235B6CA6C /* Pods-HospitalSystem.release.xcconfig */;
			buildSettings = {
				ASSETCATALOG_COMPILER_APPICON_NAME = AppIcon;
				CLANG_ENABLE_MODULES = YES;
				DEVELOPMENT_TEAM = 629A6E4ATS;
				INFOPLIST_FILE = HospitalSystem/Info.plist;
				IPHONEOS_DEPLOYMENT_TARGET = 10.3;
				LD_RUNPATH_SEARCH_PATHS = "$(inherited) @executable_path/Frameworks";
				PRODUCT_BUNDLE_IDENTIFIER = com.sdp.HospitalSystem;
				PRODUCT_NAME = "$(TARGET_NAME)";
				SWIFT_OBJC_BRIDGING_HEADER = "HospitalSystem/HospitalSystem-Bridging-Header.h";
				SWIFT_VERSION = 3.0;
			};
			name = Release;
		};
		012C10E41E8C2F25001200E2 /* Debug */ = {
			isa = XCBuildConfiguration;
			buildSettings = {
				ALWAYS_EMBED_SWIFT_STANDARD_LIBRARIES = YES;
				BUNDLE_LOADER = "$(TEST_HOST)";
				DEVELOPMENT_TEAM = 629A6E4ATS;
				INFOPLIST_FILE = HospitalSystemTests/Info.plist;
				LD_RUNPATH_SEARCH_PATHS = "$(inherited) @executable_path/Frameworks @loader_path/Frameworks";
				PRODUCT_BUNDLE_IDENTIFIER = com.sdp.HospitalSystemTests;
				PRODUCT_NAME = "$(TARGET_NAME)";
				SWIFT_VERSION = 3.0;
				TEST_HOST = "$(BUILT_PRODUCTS_DIR)/HospitalSystem.app/HospitalSystem";
			};
			name = Debug;
		};
		012C10E51E8C2F25001200E2 /* Release */ = {
			isa = XCBuildConfiguration;
			buildSettings = {
				ALWAYS_EMBED_SWIFT_STANDARD_LIBRARIES = YES;
				BUNDLE_LOADER = "$(TEST_HOST)";
				DEVELOPMENT_TEAM = 629A6E4ATS;
				INFOPLIST_FILE = HospitalSystemTests/Info.plist;
				LD_RUNPATH_SEARCH_PATHS = "$(inherited) @executable_path/Frameworks @loader_path/Frameworks";
				PRODUCT_BUNDLE_IDENTIFIER = com.sdp.HospitalSystemTests;
				PRODUCT_NAME = "$(TARGET_NAME)";
				SWIFT_VERSION = 3.0;
				TEST_HOST = "$(BUILT_PRODUCTS_DIR)/HospitalSystem.app/HospitalSystem";
			};
			name = Release;
		};
		012C10E71E8C2F25001200E2 /* Debug */ = {
			isa = XCBuildConfiguration;
			buildSettings = {
				ALWAYS_EMBED_SWIFT_STANDARD_LIBRARIES = YES;
				DEVELOPMENT_TEAM = 629A6E4ATS;
				INFOPLIST_FILE = HospitalSystemUITests/Info.plist;
				LD_RUNPATH_SEARCH_PATHS = "$(inherited) @executable_path/Frameworks @loader_path/Frameworks";
				PRODUCT_BUNDLE_IDENTIFIER = com.sdp.HospitalSystemUITests;
				PRODUCT_NAME = "$(TARGET_NAME)";
				SWIFT_VERSION = 3.0;
				TEST_TARGET_NAME = HospitalSystem;
			};
			name = Debug;
		};
		012C10E81E8C2F25001200E2 /* Release */ = {
			isa = XCBuildConfiguration;
			buildSettings = {
				ALWAYS_EMBED_SWIFT_STANDARD_LIBRARIES = YES;
				DEVELOPMENT_TEAM = 629A6E4ATS;
				INFOPLIST_FILE = HospitalSystemUITests/Info.plist;
				LD_RUNPATH_SEARCH_PATHS = "$(inherited) @executable_path/Frameworks @loader_path/Frameworks";
				PRODUCT_BUNDLE_IDENTIFIER = com.sdp.HospitalSystemUITests;
				PRODUCT_NAME = "$(TARGET_NAME)";
				SWIFT_VERSION = 3.0;
				TEST_TARGET_NAME = HospitalSystem;
			};
			name = Release;
		};
/* End XCBuildConfiguration section */

/* Begin XCConfigurationList section */
		012C10B31E8C2F25001200E2 /* Build configuration list for PBXProject "HospitalSystem" */ = {
			isa = XCConfigurationList;
			buildConfigurations = (
				012C10DE1E8C2F25001200E2 /* Debug */,
				012C10DF1E8C2F25001200E2 /* Release */,
			);
			defaultConfigurationIsVisible = 0;
			defaultConfigurationName = Release;
		};
		012C10E01E8C2F25001200E2 /* Build configuration list for PBXNativeTarget "HospitalSystem" */ = {
			isa = XCConfigurationList;
			buildConfigurations = (
				012C10E11E8C2F25001200E2 /* Debug */,
				012C10E21E8C2F25001200E2 /* Release */,
			);
			defaultConfigurationIsVisible = 0;
			defaultConfigurationName = Release;
		};
		012C10E31E8C2F25001200E2 /* Build configuration list for PBXNativeTarget "HospitalSystemTests" */ = {
			isa = XCConfigurationList;
			buildConfigurations = (
				012C10E41E8C2F25001200E2 /* Debug */,
				012C10E51E8C2F25001200E2 /* Release */,
			);
			defaultConfigurationIsVisible = 0;
			defaultConfigurationName = Release;
		};
		012C10E61E8C2F25001200E2 /* Build configuration list for PBXNativeTarget "HospitalSystemUITests" */ = {
			isa = XCConfigurationList;
			buildConfigurations = (
				012C10E71E8C2F25001200E2 /* Debug */,
				012C10E81E8C2F25001200E2 /* Release */,
			);
			defaultConfigurationIsVisible = 0;
			defaultConfigurationName = Release;
		};
/* End XCConfigurationList section */
	};
	rootObject = 012C10B01E8C2F25001200E2 /* Project object */;
}
